
Microsoft Visual Studio Solution File, Format Version 11.00
# Visual Studio 2010
Project("{FAE04EC0-301F-11D3-BF4B-00C04F79EFBC}") = "StockeAnalysisApplication", "StockeAnalysisApplication\StockeAnalysisApplication.csproj", "{3D60EA2E-00D2-487E-8960-3AF7F64DA63E}"
EndProject
Global
	GlobalSection(SolutionConfigurationPlatforms) = preSolution
		Debug|Any CPU = Debug|Any CPU
		Release|Any CPU = Release|Any CPU
	EndGlobalSection
	GlobalSection(ProjectConfigurationPlatforms) = postSolution
		{3D60EA2E-00D2-487E-8960-3AF7F64DA63E}.Debug|Any CPU.ActiveCfg = Debug|Any CPU
		{3D60EA2E-00D2-487E-8960-3AF7F64DA63E}.Debug|Any CPU.Build.0 = Debug|Any CPU
		{3D60EA2E-00D2-487E-8960-3AF7F64DA63E}.Release|Any CPU.ActiveCfg = Release|Any CPU
		{3D60EA2E-00D2-487E-8960-3AF7F64DA63E}.Release|Any CPU.Build.0 = Release|Any CPU
	EndGlobalSection
	GlobalSection(SolutionProperties) = preSolution
		HideSolutionNode = FALSE
	EndGlobalSection
EndGlobal
